
Microsoft Visual Studio Solution File, Format Version 12.00
# Visual Studio Version 17
VisualStudioVersion = 17.1.32228.430
MinimumVisualStudioVersion = 10.0.40219.1
Project("{FAE04EC0-301F-11D3-BF4B-00C04F79EFBC}") = "TSNet", "TSNet\TSNet.csproj", "{339248F3-1314-42EF-88B2-869EEBC04843}"
EndProject
Global
	GlobalSection(SolutionConfigurationPlatforms) = preSolution
		Debug|Any CPU = Debug|Any CPU
		Release|Any CPU = Release|Any CPU
	EndGlobalSection
	GlobalSection(ProjectConfigurationPlatforms) = postSolution
		{339248F3-1314-42EF-88B2-869EEBC04843}.Debug|Any CPU.ActiveCfg = Debug|Any CPU
		{339248F3-1314-42EF-88B2-869EEBC04843}.Debug|Any CPU.Build.0 = Debug|Any CPU
		{339248F3-1314-42EF-88B2-869EEBC04843}.Release|Any CPU.ActiveCfg = Release|Any CPU
		{339248F3-1314-42EF-88B2-869EEBC04843}.Release|Any CPU.Build.0 = Release|Any CPU
	EndGlobalSection
	GlobalSection(SolutionProperties) = preSolution
		HideSolutionNode = FALSE
	EndGlobalSection
	GlobalSection(ExtensibilityGlobals) = postSolution
		SolutionGuid = {FB8120B6-D8D0-49A2-82AB-82D2B4C89BE8}
	EndGlobalSection
EndGlobal
